# THIS IS AN AUTOGENERATED FILE. DO NOT EDIT THIS FILE DIRECTLY.
# yarn lockfile v1


"@apollo/react-common@^3.1.4":
  version "3.1.4"
  resolved "https://registry.yarnpkg.com/@apollo/react-common/-/react-common-3.1.4.tgz#ec13c985be23ea8e799c9ea18e696eccc97be345"
  integrity sha512-X5Kyro73bthWSCBJUC5XYQqMnG0dLWuDZmVkzog9dynovhfiVCV4kPSdgSIkqnb++cwCzOVuQ4rDKVwo2XRzQA==
  dependencies:
    ts-invariant "^0.4.4"
    tslib "^1.10.0"

"@apollo/react-components@^3.1.5":
  version "3.1.5"
  resolved "https://registry.yarnpkg.com/@apollo/react-components/-/react-components-3.1.5.tgz#040d2f35ce4947747efe16f76d59dcbd797ffdaf"
  integrity sha512-c82VyUuE9VBnJB7bnX+3dmwpIPMhyjMwyoSLyQWPHxz8jK4ak30XszJtqFf4eC4hwvvLYa+Ou6X73Q8V8e2/jg==
  dependencies:
    "@apollo/react-common" "^3.1.4"
    "@apollo/react-hooks" "^3.1.5"
    prop-types "^15.7.2"
    ts-invariant "^0.4.4"
    tslib "^1.10.0"

"@apollo/react-hoc@^3.1.5":
  version "3.1.5"
  resolved "https://registry.yarnpkg.com/@apollo/react-hoc/-/react-hoc-3.1.5.tgz#6552d2fb4aafc59fdc8f4e353358b98b89cfab6f"
  integrity sha512-jlZ2pvEnRevLa54H563BU0/xrYSgWQ72GksarxUzCHQW85nmn9wQln0kLBX7Ua7SBt9WgiuYQXQVechaaCulfQ==
  dependencies:
    "@apollo/react-common" "^3.1.4"
    "@apollo/react-components" "^3.1.5"
    hoist-non-react-statics "^3.3.0"
    ts-invariant "^0.4.4"
    tslib "^1.10.0"

"@apollo/react-hooks@^3.1.5":
  version "3.1.5"
  resolved "https://registry.yarnpkg.com/@apollo/react-hooks/-/react-hooks-3.1.5.tgz#7e710be52461255ae7fc0b3b9c2ece64299c10e6"
  integrity sha512-y0CJ393DLxIIkksRup4nt+vSjxalbZBXnnXxYbviq/woj+zKa431zy0yT4LqyRKpFy9ahMIwxBnBwfwIoupqLQ==
  dependencies:
    "@apollo/react-common" "^3.1.4"
    "@wry/equality" "^0.1.9"
    ts-invariant "^0.4.4"
    tslib "^1.10.0"

"@apollo/react-ssr@^3.1.5":
  version "3.1.5"
  resolved "https://registry.yarnpkg.com/@apollo/react-ssr/-/react-ssr-3.1.5.tgz#53703cd493afcde567acc6d5512cab03dafce6de"
  integrity sha512-wuLPkKlctNn3u8EU8rlECyktpOUCeekFfb0KhIKknpGY6Lza2Qu0bThx7D9MIbVEzhKadNNrzLcpk0Y8/5UuWg==
  dependencies:
    "@apollo/react-common" "^3.1.4"
    "@apollo/react-hooks" "^3.1.5"
    tslib "^1.10.0"

"@formatjs/intl-datetimeformat@^2.0.2":
  version "2.0.2"
  resolved "https://registry.yarnpkg.com/@formatjs/intl-datetimeformat/-/intl-datetimeformat-2.0.2.tgz#0c22fd0ca7a67f47f1003b4de19a5fc640de8144"
  integrity sha512-lL6qIlj+54W58yAkklw4KyNSMldFyoHHDkuAZWe2lHz0WBWJcmfFhYDbJH2BtQLJY5Q9o8ZclV2gkajBmyBw5A==
  dependencies:
    "@formatjs/intl-getcanonicallocales" "^1.2.10"
    "@formatjs/intl-utils" "^3.6.0"

"@formatjs/intl-displaynames@^3.0.2":
  version "3.0.2"
  resolved "https://registry.yarnpkg.com/@formatjs/intl-displaynames/-/intl-displaynames-3.0.2.tgz#2e500c3839705728ee3a86637be32334699fe11e"
  integrity sha512-1ADa/19x0FN3WOLWu151SPwRH3G6V2WsGWP3LP1k01AFPbA6rfiUvQTbQrQDum9OJUQ+KHnRcYNlAYiVR0lcBA==
  dependencies:
    "@formatjs/intl-utils" "^3.6.0"

"@formatjs/intl-getcanonicallocales@^1.2.10":
  version "1.2.10"
  resolved "https://registry.yarnpkg.com/@formatjs/intl-getcanonicallocales/-/intl-getcanonicallocales-1.2.10.tgz#55db609f9a53e6769254dceb5a7a9059803471eb"
  integrity sha512-uWjynVyLtspRbhu1Ln66klanpqmJPauBsKbT//pfcTXquaIIXUOty3bVIvVYsjw5+IElz7Bdp3PCA6eUJpEbcg==
  dependencies:
    cldr-core "36.0.0"

"@formatjs/intl-listformat@^3.0.2":
  version "3.0.2"
  resolved "https://registry.yarnpkg.com/@formatjs/intl-listformat/-/intl-listformat-3.0.2.tgz#679df161f745c470adec2875d08f87dd397fb6ba"
  integrity sha512-CeMjquC/nyWRvv+gkkA1fG+Kqktf4BWhLKWXM7vMJfxSlFFOOnx65oeXXVzdkub+vl4zyXMcfzklbkozPmU3aQ==
  dependencies:
    "@formatjs/intl-utils" "^3.6.0"

"@formatjs/intl-numberformat@^5.0.2":
  version "5.0.2"
  resolved "https://registry.yarnpkg.com/@formatjs/intl-numberformat/-/intl-numberformat-5.0.2.tgz#c99c48300ba1c97ce3b3babee1896411bd99a05f"
  integrity sha512-Mok7ZcEkm0ShfIPQLykPMWDDa6zuWiVflp6yfsMF2IorilEZx0dzl7/5x4fhs2XN1fOpss54H9MtlyPpcW1VXw==
  dependencies:
    "@formatjs/intl-utils" "^3.6.0"

"@formatjs/intl-relativetimeformat@^6.0.2":
  version "6.0.2"
  resolved "https://registry.yarnpkg.com/@formatjs/intl-relativetimeformat/-/intl-relativetimeformat-6.0.2.tgz#a9c15a4c5fe1cbe77770a549ba6391d4927b9fa4"
  integrity sha512-HjNQwA9mqVYLOWm/0Xg+S/VHdCxcqUB6nG1MVGd0yvLaIaHIQCnIx9KnX/ywsHsqGg32W85jU+ELt+dl5LrEMQ==
  dependencies:
    "@formatjs/intl-utils" "^3.6.0"

"@formatjs/intl-utils@^3.6.0":
  version "3.6.0"
  resolved "https://registry.yarnpkg.com/@formatjs/intl-utils/-/intl-utils-3.6.0.tgz#25c11a099c01ac9b7b904dda84cb840417893fa3"
  integrity sha512-KojfGYH3b0HbyN8H+HRHxEYOctC9tOne8jU1MNw7O+g8QyIPK9y0y1cyXlj6FoLsHRi26u9jR1CJg5XrRfArug==
  dependencies:
    emojis-list "^3.0.0"

"@types/hoist-non-react-statics@^3.3.1":
  version "3.3.1"
  resolved "https://registry.yarnpkg.com/@types/hoist-non-react-statics/-/hoist-non-react-statics-3.3.1.tgz#1124aafe5118cb591977aeb1ceaaed1070eb039f"
  integrity sha512-iMIqiko6ooLrTh1joXodJK5X9xeEALT1kM5G3ZLhD3hszxBdIEd5C75U834D9mLcINgD4OyZf5uQXjkuYydWvA==
  dependencies:
    "@types/react" "*"
    hoist-non-react-statics "^3.3.0"

"@types/invariant@^2.2.31":
  version "2.2.33"
  resolved "https://registry.yarnpkg.com/@types/invariant/-/invariant-2.2.33.tgz#ec5eec29c63bf5e4ca164e9feb3ef7337cdcbadb"
  integrity sha512-/jUNmS8d4bCKdqslfxW6dg/9Gksfzxz67IYfqApHn+HvHlMVXwYv2zpTDnS/yaK9BB0i0GlBTaYci0EFE62Hmw==

"@types/node@^14.0.14":
  version "14.0.14"
  resolved "https://registry.yarnpkg.com/@types/node/-/node-14.0.14.tgz#24a0b5959f16ac141aeb0c5b3cd7a15b7c64cbce"
  integrity sha512-syUgf67ZQpaJj01/tRTknkMNoBBLWJOBODF0Zm4NrXmiSuxjymFrxnTu1QVYRubhVkRcZLYZG8STTwJRdVm/WQ==

"@types/prop-types@*":
  version "15.7.3"
  resolved "https://registry.yarnpkg.com/@types/prop-types/-/prop-types-15.7.3.tgz#2ab0d5da2e5815f94b0b9d4b95d1e5f243ab2ca7"
  integrity sha512-KfRL3PuHmqQLOG+2tGpRO26Ctg+Cq1E01D2DMriKEATHgWLfeNDmq9e29Q9WIky0dQ3NPkd1mzYH8Lm936Z9qw==

"@types/react@*", "@types/react@^16.9.41":
  version "16.9.41"
  resolved "https://registry.yarnpkg.com/@types/react/-/react-16.9.41.tgz#925137ee4d2ff406a0ecf29e8e9237390844002e"
  integrity sha512-6cFei7F7L4wwuM+IND/Q2cV1koQUvJ8iSV+Gwn0c3kvABZ691g7sp3hfEQHOUBJtccl1gPi+EyNjMIl9nGA0ug==
  dependencies:
    "@types/prop-types" "*"
    csstype "^2.2.0"

"@types/zen-observable@^0.8.0":
  version "0.8.0"
  resolved "https://registry.yarnpkg.com/@types/zen-observable/-/zen-observable-0.8.0.tgz#8b63ab7f1aa5321248aad5ac890a485656dcea4d"
  integrity sha512-te5lMAWii1uEJ4FwLjzdlbw3+n0FZNOvFXHxQDKeT0dilh7HOzdMzV2TrJVUzq8ep7J4Na8OUYPRLSQkJHAlrg==

"@wry/equality@^0.1.2", "@wry/equality@^0.1.9":
  version "0.1.11"
  resolved "https://registry.yarnpkg.com/@wry/equality/-/equality-0.1.11.tgz#35cb156e4a96695aa81a9ecc4d03787bc17f1790"
  integrity sha512-mwEVBDUVODlsQQ5dfuLUS5/Tf7jqUKyhKYHmVi4fPB6bDMOfWvUPJmKgS1Z7Za/sOI3vzWt4+O7yCiL/70MogA==
  dependencies:
    tslib "^1.9.3"

apollo-cache@1.3.5:
  version "1.3.5"
  resolved "https://registry.yarnpkg.com/apollo-cache/-/apollo-cache-1.3.5.tgz#9dbebfc8dbe8fe7f97ba568a224bca2c5d81f461"
  integrity sha512-1XoDy8kJnyWY/i/+gLTEbYLnoiVtS8y7ikBr/IfmML4Qb+CM7dEEbIUOjnY716WqmZ/UpXIxTfJsY7rMcqiCXA==
  dependencies:
    apollo-utilities "^1.3.4"
    tslib "^1.10.0"

apollo-client@^2.6.10:
  version "2.6.10"
  resolved "https://registry.yarnpkg.com/apollo-client/-/apollo-client-2.6.10.tgz#86637047b51d940c8eaa771a4ce1b02df16bea6a"
  integrity sha512-jiPlMTN6/5CjZpJOkGeUV0mb4zxx33uXWdj/xQCfAMkuNAC3HN7CvYDyMHHEzmcQ5GV12LszWoQ/VlxET24CtA==
  dependencies:
    "@types/zen-observable" "^0.8.0"
    apollo-cache "1.3.5"
    apollo-link "^1.0.0"
    apollo-utilities "1.3.4"
    symbol-observable "^1.0.2"
    ts-invariant "^0.4.0"
    tslib "^1.10.0"
    zen-observable "^0.8.0"

apollo-link@^1.0.0:
  version "1.2.14"
  resolved "https://registry.yarnpkg.com/apollo-link/-/apollo-link-1.2.14.tgz#3feda4b47f9ebba7f4160bef8b977ba725b684d9"
  integrity sha512-p67CMEFP7kOG1JZ0ZkYZwRDa369w5PIjtMjvrQd/HnIV8FRsHRqLqK+oAZQnFa1DDdZtOtHTi+aMIW6EatC2jg==
  dependencies:
    apollo-utilities "^1.3.0"
    ts-invariant "^0.4.0"
    tslib "^1.9.3"
    zen-observable-ts "^0.8.21"

apollo-utilities@1.3.4, apollo-utilities@^1.3.0, apollo-utilities@^1.3.4:
  version "1.3.4"
  resolved "https://registry.yarnpkg.com/apollo-utilities/-/apollo-utilities-1.3.4.tgz#6129e438e8be201b6c55b0f13ce49d2c7175c9cf"
  integrity sha512-pk2hiWrCXMAy2fRPwEyhvka+mqwzeP60Jr1tRYi5xru+3ko94HI9o6lK0CT33/w4RDlxWchmdhDCrvdr+pHCig==
  dependencies:
    "@wry/equality" "^0.1.2"
    fast-json-stable-stringify "^2.0.0"
    ts-invariant "^0.4.0"
    tslib "^1.10.0"

cldr-core@36.0.0:
  version "36.0.0"
  resolved "https://registry.yarnpkg.com/cldr-core/-/cldr-core-36.0.0.tgz#1d2148ed6802411845baeeb21432d7bbfde7d4f7"
  integrity sha512-QLnAjt20rZe38c8h8OJ9jPND+O4o5O8Nw0TK/P3KpNn1cmOhMu0rk6Kc3ap96c5OStQ9gAngs9+Be2sum26NOw==

csstype@^2.2.0:
  version "2.6.11"
  resolved "https://registry.yarnpkg.com/csstype/-/csstype-2.6.11.tgz#452f4d024149ecf260a852b025e36562a253ffc5"
  integrity sha512-l8YyEC9NBkSm783PFTvh0FmJy7s5pFKrDp49ZL7zBGX3fWkO+N4EEyan1qqp8cwPLDcD0OSdyY6hAMoxp34JFw==

emojis-list@^3.0.0:
  version "3.0.0"
  resolved "https://registry.yarnpkg.com/emojis-list/-/emojis-list-3.0.0.tgz#5570662046ad29e2e916e71aae260abdff4f6a78"
  integrity sha512-/kyM18EfinwXZbno9FyUGeFh87KC8HRQBQGildHZbEuRyWFOmv1U10o9BBp8XVZDVNNuQKyIGIu5ZYAAXJ0V2Q==

fast-json-stable-stringify@^2.0.0:
  version "2.1.0"
  resolved "https://registry.yarnpkg.com/fast-json-stable-stringify/-/fast-json-stable-stringify-2.1.0.tgz#874bf69c6f404c2b5d99c481341399fd55892633"
  integrity sha512-lhd/wF+Lk98HZoTCtlVraHtfh5XYijIjalXck7saUtuanSDyLMxnHhSXEDJqHxD7msR8D0uCmqlkwjCV8xvwHw==

graphql@^15.3.0:
  version "15.3.0"
  resolved "https://registry.yarnpkg.com/graphql/-/graphql-15.3.0.tgz#3ad2b0caab0d110e3be4a5a9b2aa281e362b5278"
  integrity sha512-GTCJtzJmkFLWRfFJuoo9RWWa/FfamUHgiFosxi/X1Ani4AVWbeyBenZTNX6dM+7WSbbFfTo/25eh0LLkwHMw2w==

hoist-non-react-statics@^3.3.0, hoist-non-react-statics@^3.3.2:
  version "3.3.2"
  resolved "https://registry.yarnpkg.com/hoist-non-react-statics/-/hoist-non-react-statics-3.3.2.tgz#ece0acaf71d62c2969c2ec59feff42a4b1a85b45"
  integrity sha512-/gGivxi8JPKWNm/W0jSmzcMPpfpPLc3dY/6GxhX2hQ9iGj3aDfklV4ET7NjKpSinLpJ5vafa9iiGIEZg10SfBw==
  dependencies:
    react-is "^16.7.0"

intl-format-cache@^4.2.46:
  version "4.2.46"
  resolved "https://registry.yarnpkg.com/intl-format-cache/-/intl-format-cache-4.2.46.tgz#045a6e4fb75a6b47ff3f0b4290836c72df4e65e1"
  integrity sha512-J8Rkun92yCQEnQDia2yO5o8SY82CzhxLx2G0ocbOysP93ZtIIbtAXDkVQK/a1DwSi70pp69fh4vpO2BbINxPSg==

intl-messageformat-parser@^5.2.4:
  version "5.2.4"
  resolved "https://registry.yarnpkg.com/intl-messageformat-parser/-/intl-messageformat-parser-5.2.4.tgz#d1a002c498f6f7f27cd9d309d2353e866875e0fa"
  integrity sha512-vwuG+rYawjr73UFD60x1coJaU0u0cWEHT8s2XhfYqxQv7cJEj7CIZhCZLldzjUO2IKZgWkvOOP6krSfMTJBuRA==
  dependencies:
    "@formatjs/intl-numberformat" "^5.0.2"

intl-messageformat@^9.0.2:
  version "9.0.2"
  resolved "https://registry.yarnpkg.com/intl-messageformat/-/intl-messageformat-9.0.2.tgz#85b1aa9bc945c98892a3976c10232441334126fa"
  integrity sha512-C8VExb8GMRcAtaeQ7A0Zx3Eyou9agnuNJajcdng/D9ZUkFNZaINP+YCV+HNg00cp5wWLbJ0VIFo59Zf0vuUNJg==
  dependencies:
    intl-format-cache "^4.2.46"
    intl-messageformat-parser "^5.2.4"

"js-tokens@^3.0.0 || ^4.0.0":
  version "4.0.0"
  resolved "https://registry.yarnpkg.com/js-tokens/-/js-tokens-4.0.0.tgz#19203fb59991df98e3a287050d4647cdeaf32499"
  integrity sha512-RdJUflcE3cUzKiMqQgsCu06FPu9UdIJO0beYbPhHN4k6apgJtifcoCtT9bcxOpYBtpD2kCM6Sbzg4CausW/PKQ==

loose-envify@^1.4.0:
  version "1.4.0"
  resolved "https://registry.yarnpkg.com/loose-envify/-/loose-envify-1.4.0.tgz#71ee51fa7be4caec1a63839f7e682d8132d30caf"
  integrity sha512-lyuxPGr/Wfhrlem2CL/UcnUc1zcqKAImBDzukY7Y5F/yQiNdko6+fRLevlw1HgMySw7f611UIY408EtxRSoK3Q==
  dependencies:
    js-tokens "^3.0.0 || ^4.0.0"

object-assign@^4.1.1:
  version "4.1.1"
  resolved "https://registry.yarnpkg.com/object-assign/-/object-assign-4.1.1.tgz#2109adc7965887cfc05cbbd442cac8bfbb360863"
  integrity sha1-IQmtx5ZYh8/AXLvUQsrIv7s2CGM=

prop-types@^15.7.2:
  version "15.7.2"
  resolved "https://registry.yarnpkg.com/prop-types/-/prop-types-15.7.2.tgz#52c41e75b8c87e72b9d9360e0206b99dcbffa6c5"
  integrity sha512-8QQikdH7//R2vurIJSutZ1smHYTcLpRWEOlHnzcWHmBYrOGUysKwSsrC89BCiFj3CbrfJ/nXFdJepOVrY1GCHQ==
  dependencies:
    loose-envify "^1.4.0"
    object-assign "^4.1.1"
    react-is "^16.8.1"

react-apollo@^3.1.5:
  version "3.1.5"
  resolved "https://registry.yarnpkg.com/react-apollo/-/react-apollo-3.1.5.tgz#36692d393c47e7ccc37f0a885c7cc5a8b4961c91"
  integrity sha512-xOxMqxORps+WHrUYbjVHPliviomefOpu5Sh35oO3osuOyPTxvrljdfTLGCggMhcXBsDljtS5Oy4g+ijWg3D4JQ==
  dependencies:
    "@apollo/react-common" "^3.1.4"
    "@apollo/react-components" "^3.1.5"
    "@apollo/react-hoc" "^3.1.5"
    "@apollo/react-hooks" "^3.1.5"
    "@apollo/react-ssr" "^3.1.5"

react-intl@^5.0.2:
  version "5.0.2"
  resolved "https://registry.yarnpkg.com/react-intl/-/react-intl-5.0.2.tgz#e4400d48c3926e698d0f51480242d9903e2d4883"
  integrity sha512-9AOk/y3O/ixbeNWgiVgMcax82LBB0OjeJsA2rD2R6FV1mXh84ndhsOoiarj15YG6QMk/pgMrcGKjuC1a1Ve7kA==
  dependencies:
    "@formatjs/intl-datetimeformat" "^2.0.2"
    "@formatjs/intl-displaynames" "^3.0.2"
    "@formatjs/intl-listformat" "^3.0.2"
    "@formatjs/intl-numberformat" "^5.0.2"
    "@formatjs/intl-relativetimeformat" "^6.0.2"
    "@formatjs/intl-utils" "^3.6.0"
    "@types/hoist-non-react-statics" "^3.3.1"
    "@types/invariant" "^2.2.31"
    hoist-non-react-statics "^3.3.2"
    intl-format-cache "^4.2.46"
    intl-messageformat "^9.0.2"
    intl-messageformat-parser "^5.2.4"
    shallow-equal "^1.2.1"

react-is@^16.7.0, react-is@^16.8.1:
  version "16.13.1"
  resolved "https://registry.yarnpkg.com/react-is/-/react-is-16.13.1.tgz#789729a4dc36de2999dc156dd6c1d9c18cea56a4"
  integrity sha512-24e6ynE2H+OKt4kqsOvNd8kBpV65zoxbA4BVsEOB3ARVWQki/DHzaUoC5KuON/BiccDaCCTZBuOcfZs70kR8bQ==

shallow-equal@^1.2.1:
  version "1.2.1"
  resolved "https://registry.yarnpkg.com/shallow-equal/-/shallow-equal-1.2.1.tgz#4c16abfa56043aa20d050324efa68940b0da79da"
  integrity sha512-S4vJDjHHMBaiZuT9NPb616CSmLf618jawtv3sufLl6ivK8WocjAo58cXwbRV1cgqxH0Qbv+iUt6m05eqEa2IRA==

symbol-observable@^1.0.2:
  version "1.2.0"
  resolved "https://registry.yarnpkg.com/symbol-observable/-/symbol-observable-1.2.0.tgz#c22688aed4eab3cdc2dfeacbb561660560a00804"
  integrity sha512-e900nM8RRtGhlV36KGEU9k65K3mPb1WV70OdjfxlG2EAuM1noi/E/BaW/uMhL7bPEssK8QV57vN3esixjUvcXQ==

ts-invariant@^0.4.0, ts-invariant@^0.4.4:
  version "0.4.4"
  resolved "https://registry.yarnpkg.com/ts-invariant/-/ts-invariant-0.4.4.tgz#97a523518688f93aafad01b0e80eb803eb2abd86"
  integrity sha512-uEtWkFM/sdZvRNNDL3Ehu4WVpwaulhwQszV8mrtcdeE8nN00BV9mAmQ88RkrBhFgl9gMgvjJLAQcZbnPXI9mlA==
  dependencies:
    tslib "^1.9.3"

tslib@^1.10.0, tslib@^1.9.3:
  version "1.13.0"
  resolved "https://registry.yarnpkg.com/tslib/-/tslib-1.13.0.tgz#c881e13cc7015894ed914862d276436fa9a47043"
  integrity sha512-i/6DQjL8Xf3be4K/E6Wgpekn5Qasl1usyw++dAA35Ue5orEn65VIxOA+YvNNl9HV3qv70T7CNwjODHZrLwvd1Q==

"vtex.apps-graphql@http://vtex.vtexassets.com/_v/public/typings/v1/vtex.apps-graphql@2.5.1/public/@types/vtex.apps-graphql":
  version "2.5.1"
  resolved "http://vtex.vtexassets.com/_v/public/typings/v1/vtex.apps-graphql@2.5.1/public/@types/vtex.apps-graphql#3c5789b5877e6b6a3d9c4cac35a80f2c3bb8b5fe"

"vtex.flex-layout@http://vtex.vtexassets.com/_v/public/typings/v1/vtex.flex-layout@0.15.0/public/@types/vtex.flex-layout":
  version "0.15.0"
  resolved "http://vtex.vtexassets.com/_v/public/typings/v1/vtex.flex-layout@0.15.0/public/@types/vtex.flex-layout#3296ce5096fedabb5d899d4a6d2da51811b97528"

"vtex.render-runtime@http://vtex.vtexassets.com/_v/public/typings/v1/vtex.render-runtime@8.111.0/public/@types/vtex.render-runtime":
  version "8.111.0"
  resolved "http://vtex.vtexassets.com/_v/public/typings/v1/vtex.render-runtime@8.111.0/public/@types/vtex.render-runtime#01b2ce53d1aa2a974f5229c61bd9c83b43a86d76"

"vtex.rich-text@http://vtex.vtexassets.com/_v/public/typings/v1/vtex.rich-text@0.10.1/public/@types/vtex.rich-text":
  version "0.10.1"
  resolved "http://vtex.vtexassets.com/_v/public/typings/v1/vtex.rich-text@0.10.1/public/@types/vtex.rich-text#71018851899c0f64b989304dc4971da42a026c57"

"vtex.store@http://vtex.vtexassets.com/_v/public/typings/v1/vtex.store@2.99.0/public/@types/vtex.store":
  version "2.99.0"
  resolved "http://vtex.vtexassets.com/_v/public/typings/v1/vtex.store@2.99.0/public/@types/vtex.store#0d6294bd73aaeb7fee2c7fdffdfca403adfed9dc"

"vtex.styleguide@http://vtex.vtexassets.com/_v/public/typings/v1/vtex.styleguide@9.124.1/public/@types/vtex.styleguide":
  version "9.124.1"
  resolved "http://vtex.vtexassets.com/_v/public/typings/v1/vtex.styleguide@9.124.1/public/@types/vtex.styleguide#2b17f3f51bf9f5a39fc43be15641594451708324"

zen-observable-ts@^0.8.21:
  version "0.8.21"
  resolved "https://registry.yarnpkg.com/zen-observable-ts/-/zen-observable-ts-0.8.21.tgz#85d0031fbbde1eba3cd07d3ba90da241215f421d"
  integrity sha512-Yj3yXweRc8LdRMrCC8nIc4kkjWecPAUVh0TI0OUrWXx6aX790vLcDlWca6I4vsyCGH3LpWxq0dJRcMOFoVqmeg==
  dependencies:
    tslib "^1.9.3"
    zen-observable "^0.8.0"

zen-observable@^0.8.0:
  version "0.8.15"
  resolved "https://registry.yarnpkg.com/zen-observable/-/zen-observable-0.8.15.tgz#96415c512d8e3ffd920afd3889604e30b9eaac15"
  integrity sha512-PQ2PC7R9rslx84ndNBZB/Dkv8V8fZEpk83RLgXtYd0fwUgEjseMn1Dgajh2x6S8QbZAFa9p2qVCEuYZNgve0dQ==
